// !$*UTF8*$!
{
	archiveVersion = 1;
	classes = {
	};
	objectVersion = 46;
	objects = {

/* Begin PBXBuildFile section */
		DA717585140BCF8700B886FE /* UIKit.framework in Frameworks */ = {isa = PBXBuildFile; fileRef = DA717584140BCF8700B886FE /* UIKit.framework */; };
		DA717587140BCF8700B886FE /* Foundation.framework in Frameworks */ = {isa = PBXBuildFile; fileRef = DA717586140BCF8700B886FE /* Foundation.framework */; };
		DA717589140BCF8700B886FE /* CoreGraphics.framework in Frameworks */ = {isa = PBXBuildFile; fileRef = DA717588140BCF8700B886FE /* CoreGraphics.framework */; };
		DA71758F140BCF8700B886FE /* InfoPlist.strings in Resources */ = {isa = PBXBuildFile; fileRef = DA71758D140BCF8700B886FE /* InfoPlist.strings */; };
		DA717592140BCF8700B886FE /* main.m in Sources */ = {isa = PBXBuildFile; fileRef = DA717591140BCF8700B886FE /* main.m */; };
		DA717595140BCF8700B886FE /* OpenCV_Det_01AppDelegate.m in Sources */ = {isa = PBXBuildFile; fileRef = DA717594140BCF8700B886FE /* OpenCV_Det_01AppDelegate.m */; };
		DA717599140BCF8700B886FE /* OpenCV_Det_01AppDelegate_iPhone.m in Sources */ = {isa = PBXBuildFile; fileRef = DA717598140BCF8700B886FE /* OpenCV_Det_01AppDelegate_iPhone.m */; };
		DA71759C140BCF8700B886FE /* MainWindow_iPhone.xib in Resources */ = {isa = PBXBuildFile; fileRef = DA71759A140BCF8700B886FE /* MainWindow_iPhone.xib */; };
		DA7175A0140BCF8700B886FE /* OpenCV_Det_01AppDelegate_iPad.m in Sources */ = {isa = PBXBuildFile; fileRef = DA71759F140BCF8700B886FE /* OpenCV_Det_01AppDelegate_iPad.m */; };
		DA7175A3140BCF8700B886FE /* MainWindow_iPad.xib in Resources */ = {isa = PBXBuildFile; fileRef = DA7175A1140BCF8700B886FE /* MainWindow_iPad.xib */; };
		DA7175AA140BCF8700B886FE /* UIKit.framework in Frameworks */ = {isa = PBXBuildFile; fileRef = DA717584140BCF8700B886FE /* UIKit.framework */; };
		DA7175AB140BCF8700B886FE /* Foundation.framework in Frameworks */ = {isa = PBXBuildFile; fileRef = DA717586140BCF8700B886FE /* Foundation.framework */; };
		DA7175AC140BCF8700B886FE /* CoreGraphics.framework in Frameworks */ = {isa = PBXBuildFile; fileRef = DA717588140BCF8700B886FE /* CoreGraphics.framework */; };
		DA7175B4140BCF8700B886FE /* InfoPlist.strings in Resources */ = {isa = PBXBuildFile; fileRef = DA7175B2140BCF8700B886FE /* InfoPlist.strings */; };
		DA7175B7140BCF8700B886FE /* OpenCV_Det_01Tests.h in Resources */ = {isa = PBXBuildFile; fileRef = DA7175B6140BCF8700B886FE /* OpenCV_Det_01Tests.h */; };
		DA7175B9140BCF8700B886FE /* OpenCV_Det_01Tests.m in Sources */ = {isa = PBXBuildFile; fileRef = DA7175B8140BCF8700B886FE /* OpenCV_Det_01Tests.m */; };
/* End PBXBuildFile section */

/* Begin PBXContainerItemProxy section */
		DA7175AD140BCF8700B886FE /* PBXContainerItemProxy */ = {
			isa = PBXContainerItemProxy;
			containerPortal = DA717577140BCF8700B886FE /* Project object */;
			proxyType = 1;
			remoteGlobalIDString = DA71757F140BCF8700B886FE;
			remoteInfo = OpenCV_Det_01;
		};
/* End PBXContainerItemProxy section */

/* Begin PBXFileReference section */
		DA717580140BCF8700B886FE /* OpenCV_Det_01.app */ = {isa = PBXFileReference; explicitFileType = wrapper.application; includeInIndex = 0; path = OpenCV_Det_01.app; sourceTree = BUILT_PRODUCTS_DIR; };
		DA717584140BCF8700B886FE /* UIKit.framework */ = {isa = PBXFileReference; lastKnownFileType = wrapper.framework; name = UIKit.framework; path = System/Library/Frameworks/UIKit.framework; sourceTree = SDKROOT; };
		DA717586140BCF8700B886FE /* Foundation.framework */ = {isa = PBXFileReference; lastKnownFileType = wrapper.framework; name = Foundation.framework; path = System/Library/Frameworks/Foundation.framework; sourceTree = SDKROOT; };
		DA717588140BCF8700B886FE /* CoreGraphics.framework */ = {isa = PBXFileReference; lastKnownFileType = wrapper.framework; name = CoreGraphics.framework; path = System/Library/Frameworks/CoreGraphics.framework; sourceTree = SDKROOT; };
		DA71758C140BCF8700B886FE /* OpenCV_Det_01-Info.plist */ = {isa = PBXFileReference; lastKnownFileType = text.plist.xml; path = "OpenCV_Det_01-Info.plist"; sourceTree = "<group>"; };
		DA71758E140BCF8700B886FE /* en */ = {isa = PBXFileReference; lastKnownFileType = text.plist.strings; name = en; path = en.lproj/InfoPlist.strings; sourceTree = "<group>"; };
		DA717590140BCF8700B886FE /* OpenCV_Det_01-Prefix.pch */ = {isa = PBXFileReference; lastKnownFileType = sourcecode.c.h; path = "OpenCV_Det_01-Prefix.pch"; sourceTree = "<group>"; };
		DA717591140BCF8700B886FE /* main.m */ = {isa = PBXFileReference; lastKnownFileType = sourcecode.c.objc; path = main.m; sourceTree = "<group>"; };
		DA717593140BCF8700B886FE /* OpenCV_Det_01AppDelegate.h */ = {isa = PBXFileReference; lastKnownFileType = sourcecode.c.h; path = OpenCV_Det_01AppDelegate.h; sourceTree = "<group>"; };
		DA717594140BCF8700B886FE /* OpenCV_Det_01AppDelegate.m */ = {isa = PBXFileReference; lastKnownFileType = sourcecode.c.objc; path = OpenCV_Det_01AppDelegate.m; sourceTree = "<group>"; };
		DA717597140BCF8700B886FE /* OpenCV_Det_01AppDelegate_iPhone.h */ = {isa = PBXFileReference; lastKnownFileType = sourcecode.c.h; name = OpenCV_Det_01AppDelegate_iPhone.h; path = iPhone/OpenCV_Det_01AppDelegate_iPhone.h; sourceTree = "<group>"; };
		DA717598140BCF8700B886FE /* OpenCV_Det_01AppDelegate_iPhone.m */ = {isa = PBXFileReference; lastKnownFileType = sourcecode.c.objc; name = OpenCV_Det_01AppDelegate_iPhone.m; path = iPhone/OpenCV_Det_01AppDelegate_iPhone.m; sourceTree = "<group>"; };
		DA71759B140BCF8700B886FE /* en */ = {isa = PBXFileReference; lastKnownFileType = file.xib; name = en; path = iPhone/en.lproj/MainWindow_iPhone.xib; sourceTree = "<group>"; };
		DA71759E140BCF8700B886FE /* OpenCV_Det_01AppDelegate_iPad.h */ = {isa = PBXFileReference; lastKnownFileType = sourcecode.c.h; name = OpenCV_Det_01AppDelegate_iPad.h; path = iPad/OpenCV_Det_01AppDelegate_iPad.h; sourceTree = "<group>"; };
		DA71759F140BCF8700B886FE /* OpenCV_Det_01AppDelegate_iPad.m */ = {isa = PBXFileReference; lastKnownFileType = sourcecode.c.objc; name = OpenCV_Det_01AppDelegate_iPad.m; path = iPad/OpenCV_Det_01AppDelegate_iPad.m; sourceTree = "<group>"; };
		DA7175A2140BCF8700B886FE /* en */ = {isa = PBXFileReference; lastKnownFileType = file.xib; name = en; path = iPad/en.lproj/MainWindow_iPad.xib; sourceTree = "<group>"; };
		DA7175A9140BCF8700B886FE /* OpenCV_Det_01Tests.octest */ = {isa = PBXFileReference; explicitFileType = wrapper.cfbundle; includeInIndex = 0; path = OpenCV_Det_01Tests.octest; sourceTree = BUILT_PRODUCTS_DIR; };
		DA7175B1140BCF8700B886FE /* OpenCV_Det_01Tests-Info.plist */ = {isa = PBXFileReference; lastKnownFileType = text.plist.xml; path = "OpenCV_Det_01Tests-Info.plist"; sourceTree = "<group>"; };
		DA7175B3140BCF8700B886FE /* en */ = {isa = PBXFileReference; lastKnownFileType = text.plist.strings; name = en; path = en.lproj/InfoPlist.strings; sourceTree = "<group>"; };
		DA7175B5140BCF8700B886FE /* OpenCV_Det_01Tests-Prefix.pch */ = {isa = PBXFileReference; lastKnownFileType = sourcecode.c.h; path = "OpenCV_Det_01Tests-Prefix.pch"; sourceTree = "<group>"; };
		DA7175B6140BCF8700B886FE /* OpenCV_Det_01Tests.h */ = {isa = PBXFileReference; lastKnownFileType = sourcecode.c.h; path = OpenCV_Det_01Tests.h; sourceTree = "<group>"; };
		DA7175B8140BCF8700B886FE /* OpenCV_Det_01Tests.m */ = {isa = PBXFileReference; lastKnownFileType = sourcecode.c.objc; path = OpenCV_Det_01Tests.m; sourceTree = "<group>"; };
/* End PBXFileReference section */

/* Begin PBXFrameworksBuildPhase section */
		DA71757D140BCF8700B886FE /* Frameworks */ = {
			isa = PBXFrameworksBuildPhase;
			buildActionMask = 2147483647;
			files = (
				DA717585140BCF8700B886FE /* UIKit.framework in Frameworks */,
				DA717587140BCF8700B886FE /* Foundation.framework in Frameworks */,
				DA717589140BCF8700B886FE /* CoreGraphics.framework in Frameworks */,
			);
			runOnlyForDeploymentPostprocessing = 0;
		};
		DA7175A5140BCF8700B886FE /* Frameworks */ = {
			isa = PBXFrameworksBuildPhase;
			buildActionMask = 2147483647;
			files = (
				DA7175AA140BCF8700B886FE /* UIKit.framework in Frameworks */,
				DA7175AB140BCF8700B886FE /* Foundation.framework in Frameworks */,
				DA7175AC140BCF8700B886FE /* CoreGraphics.framework in Frameworks */,
			);
			runOnlyForDeploymentPostprocessing = 0;
		};
/* End PBXFrameworksBuildPhase section */

/* Begin PBXGroup section */
		DA717575140BCF8700B886FE = {
			isa = PBXGroup;
			children = (
				DA71758A140BCF8700B886FE /* OpenCV_Det_01 */,
				DA7175AF140BCF8700B886FE /* OpenCV_Det_01Tests */,
				DA717583140BCF8700B886FE /* Frameworks */,
				DA717581140BCF8700B886FE /* Products */,
			);
			sourceTree = "<group>";
		};
		DA717581140BCF8700B886FE /* Products */ = {
			isa = PBXGroup;
			children = (
				DA717580140BCF8700B886FE /* OpenCV_Det_01.app */,
				DA7175A9140BCF8700B886FE /* OpenCV_Det_01Tests.octest */,
			);
			name = Products;
			sourceTree = "<group>";
		};
		DA717583140BCF8700B886FE /* Frameworks */ = {
			isa = PBXGroup;
			children = (
				DA717584140BCF8700B886FE /* UIKit.framework */,
				DA717586140BCF8700B886FE /* Foundation.framework */,
				DA717588140BCF8700B886FE /* CoreGraphics.framework */,
			);
			name = Frameworks;
			sourceTree = "<group>";
		};
		DA71758A140BCF8700B886FE /* OpenCV_Det_01 */ = {
			isa = PBXGroup;
			children = (
				DA717593140BCF8700B886FE /* OpenCV_Det_01AppDelegate.h */,
				DA717594140BCF8700B886FE /* OpenCV_Det_01AppDelegate.m */,
				DA717596140BCF8700B886FE /* iPhone */,
				DA71759D140BCF8700B886FE /* iPad */,
				DA71758B140BCF8700B886FE /* Supporting Files */,
			);
			path = OpenCV_Det_01;
			sourceTree = "<group>";
		};
		DA71758B140BCF8700B886FE /* Supporting Files */ = {
			isa = PBXGroup;
			children = (
				DA71758C140BCF8700B886FE /* OpenCV_Det_01-Info.plist */,
				DA71758D140BCF8700B886FE /* InfoPlist.strings */,
				DA717590140BCF8700B886FE /* OpenCV_Det_01-Prefix.pch */,
				DA717591140BCF8700B886FE /* main.m */,
			);
			name = "Supporting Files";
			sourceTree = "<group>";
		};
		DA717596140BCF8700B886FE /* iPhone */ = {
			isa = PBXGroup;
			children = (
				DA717597140BCF8700B886FE /* OpenCV_Det_01AppDelegate_iPhone.h */,
				DA717598140BCF8700B886FE /* OpenCV_Det_01AppDelegate_iPhone.m */,
				DA71759A140BCF8700B886FE /* MainWindow_iPhone.xib */,
			);
			name = iPhone;
			sourceTree = "<group>";
		};
		DA71759D140BCF8700B886FE /* iPad */ = {
			isa = PBXGroup;
			children = (
				DA71759E140BCF8700B886FE /* OpenCV_Det_01AppDelegate_iPad.h */,
				DA71759F140BCF8700B886FE /* OpenCV_Det_01AppDelegate_iPad.m */,
				DA7175A1140BCF8700B886FE /* MainWindow_iPad.xib */,
			);
			name = iPad;
			sourceTree = "<group>";
		};
		DA7175AF140BCF8700B886FE /* OpenCV_Det_01Tests */ = {
			isa = PBXGroup;
			children = (
				DA7175B6140BCF8700B886FE /* OpenCV_Det_01Tests.h */,
				DA7175B8140BCF8700B886FE /* OpenCV_Det_01Tests.m */,
				DA7175B0140BCF8700B886FE /* Supporting Files */,
			);
			path = OpenCV_Det_01Tests;
			sourceTree = "<group>";
		};
		DA7175B0140BCF8700B886FE /* Supporting Files */ = {
			isa = PBXGroup;
			children = (
				DA7175B1140BCF8700B886FE /* OpenCV_Det_01Tests-Info.plist */,
				DA7175B2140BCF8700B886FE /* InfoPlist.strings */,
				DA7175B5140BCF8700B886FE /* OpenCV_Det_01Tests-Prefix.pch */,
			);
			name = "Supporting Files";
			sourceTree = "<group>";
		};
/* End PBXGroup section */

/* Begin PBXNativeTarget section */
		DA71757F140BCF8700B886FE /* OpenCV_Det_01 */ = {
			isa = PBXNativeTarget;
			buildConfigurationList = DA7175BC140BCF8700B886FE /* Build configuration list for PBXNativeTarget "OpenCV_Det_01" */;
			buildPhases = (
				DA71757C140BCF8700B886FE /* Sources */,
				DA71757D140BCF8700B886FE /* Frameworks */,
				DA71757E140BCF8700B886FE /* Resources */,
			);
			buildRules = (
			);
			dependencies = (
			);
			name = OpenCV_Det_01;
			productName = OpenCV_Det_01;
			productReference = DA717580140BCF8700B886FE /* OpenCV_Det_01.app */;
			productType = "com.apple.product-type.application";
		};
		DA7175A8140BCF8700B886FE /* OpenCV_Det_01Tests */ = {
			isa = PBXNativeTarget;
			buildConfigurationList = DA7175BF140BCF8700B886FE /* Build configuration list for PBXNativeTarget "OpenCV_Det_01Tests" */;
			buildPhases = (
				DA7175A4140BCF8700B886FE /* Sources */,
				DA7175A5140BCF8700B886FE /* Frameworks */,
				DA7175A6140BCF8700B886FE /* Resources */,
				DA7175A7140BCF8700B886FE /* ShellScript */,
			);
			buildRules = (
			);
			dependencies = (
				DA7175AE140BCF8700B886FE /* PBXTargetDependency */,
			);
			name = OpenCV_Det_01Tests;
			productName = OpenCV_Det_01Tests;
			productReference = DA7175A9140BCF8700B886FE /* OpenCV_Det_01Tests.octest */;
			productType = "com.apple.product-type.bundle";
		};
/* End PBXNativeTarget section */

/* Begin PBXProject section */
		DA717577140BCF8700B886FE /* Project object */ = {
			isa = PBXProject;
			attributes = {
				LastUpgradeCheck = 0420;
			};
			buildConfigurationList = DA71757A140BCF8700B886FE /* Build configuration list for PBXProject "OpenCV_Det_01" */;
			compatibilityVersion = "Xcode 3.2";
			developmentRegion = English;
			hasScannedForEncodings = 0;
			knownRegions = (
				en,
			);
			mainGroup = DA717575140BCF8700B886FE;
			productRefGroup = DA717581140BCF8700B886FE /* Products */;
			projectDirPath = "";
			projectRoot = "";
			targets = (
				DA71757F140BCF8700B886FE /* OpenCV_Det_01 */,
				DA7175A8140BCF8700B886FE /* OpenCV_Det_01Tests */,
			);
		};
/* End PBXProject section */

/* Begin PBXResourcesBuildPhase section */
		DA71757E140BCF8700B886FE /* Resources */ = {
			isa = PBXResourcesBuildPhase;
			buildActionMask = 2147483647;
			files = (
				DA71758F140BCF8700B886FE /* InfoPlist.strings in Resources */,
				DA71759C140BCF8700B886FE /* MainWindow_iPhone.xib in Resources */,
				DA7175A3140BCF8700B886FE /* MainWindow_iPad.xib in Resources */,
			);
			runOnlyForDeploymentPostprocessing = 0;
		};
		DA7175A6140BCF8700B886FE /* Resources */ = {
			isa = PBXResourcesBuildPhase;
			buildActionMask = 2147483647;
			files = (
				DA7175B4140BCF8700B886FE /* InfoPlist.strings in Resources */,
				DA7175B7140BCF8700B886FE /* OpenCV_Det_01Tests.h in Resources */,
			);
			runOnlyForDeploymentPostprocessing = 0;
		};
/* End PBXResourcesBuildPhase section */

/* Begin PBXShellScriptBuildPhase section */
		DA7175A7140BCF8700B886FE /* ShellScript */ = {
			isa = PBXShellScriptBuildPhase;
			buildActionMask = 2147483647;
			files = (
			);
			inputPaths = (
			);
			outputPaths = (
			);
			runOnlyForDeploymentPostprocessing = 0;
			shellPath = /bin/sh;
			shellScript = "# Run the unit tests in this test bundle.\n\"${SYSTEM_DEVELOPER_DIR}/Tools/RunUnitTests\"\n";
		};
/* End PBXShellScriptBuildPhase section */

/* Begin PBXSourcesBuildPhase section */
		DA71757C140BCF8700B886FE /* Sources */ = {
			isa = PBXSourcesBuildPhase;
			buildActionMask = 2147483647;
			files = (
				DA717592140BCF8700B886FE /* main.m in Sources */,
				DA717595140BCF8700B886FE /* OpenCV_Det_01AppDelegate.m in Sources */,
				DA717599140BCF8700B886FE /* OpenCV_Det_01AppDelegate_iPhone.m in Sources */,
				DA7175A0140BCF8700B886FE /* OpenCV_Det_01AppDelegate_iPad.m in Sources */,
			);
			runOnlyForDeploymentPostprocessing = 0;
		};
		DA7175A4140BCF8700B886FE /* Sources */ = {
			isa = PBXSourcesBuildPhase;
			buildActionMask = 2147483647;
			files = (
				DA7175B9140BCF8700B886FE /* OpenCV_Det_01Tests.m in Sources */,
			);
			runOnlyForDeploymentPostprocessing = 0;
		};
/* End PBXSourcesBuildPhase section */

/* Begin PBXTargetDependency section */
		DA7175AE140BCF8700B886FE /* PBXTargetDependency */ = {
			isa = PBXTargetDependency;
			target = DA71757F140BCF8700B886FE /* OpenCV_Det_01 */;
			targetProxy = DA7175AD140BCF8700B886FE /* PBXContainerItemProxy */;
		};
/* End PBXTargetDependency section */

/* Begin PBXVariantGroup section */
		DA71758D140BCF8700B886FE /* InfoPlist.strings */ = {
			isa = PBXVariantGroup;
			children = (
				DA71758E140BCF8700B886FE /* en */,
			);
			name = InfoPlist.strings;
			sourceTree = "<group>";
		};
		DA71759A140BCF8700B886FE /* MainWindow_iPhone.xib */ = {
			isa = PBXVariantGroup;
			children = (
				DA71759B140BCF8700B886FE /* en */,
			);
			name = MainWindow_iPhone.xib;
			sourceTree = "<group>";
		};
		DA7175A1140BCF8700B886FE /* MainWindow_iPad.xib */ = {
			isa = PBXVariantGroup;
			children = (
				DA7175A2140BCF8700B886FE /* en */,
			);
			name = MainWindow_iPad.xib;
			sourceTree = "<group>";
		};
		DA7175B2140BCF8700B886FE /* InfoPlist.strings */ = {
			isa = PBXVariantGroup;
			children = (
				DA7175B3140BCF8700B886FE /* en */,
			);
			name = InfoPlist.strings;
			sourceTree = "<group>";
		};
/* End PBXVariantGroup section */

/* Begin XCBuildConfiguration section */
		DA7175BA140BCF8700B886FE /* Debug */ = {
			isa = XCBuildConfiguration;
			buildSettings = {
				ARCHS = "$(ARCHS_STANDARD_32_BIT)";
				"CODE_SIGN_IDENTITY[sdk=iphoneos*]" = "iPhone Developer";
				GCC_C_LANGUAGE_STANDARD = gnu99;
				GCC_OPTIMIZATION_LEVEL = 0;
				GCC_PREPROCESSOR_DEFINITIONS = DEBUG;
				GCC_SYMBOLS_PRIVATE_EXTERN = NO;
				GCC_VERSION = com.apple.compilers.llvmgcc42;
				GCC_WARN_ABOUT_RETURN_TYPE = YES;
				GCC_WARN_UNUSED_VARIABLE = YES;
				IPHONEOS_DEPLOYMENT_TARGET = 4.3;
				SDKROOT = iphoneos;
				TARGETED_DEVICE_FAMILY = "1,2";
			};
			name = Debug;
		};
		DA7175BB140BCF8700B886FE /* Release */ = {
			isa = XCBuildConfiguration;
			buildSettings = {
				ARCHS = "$(ARCHS_STANDARD_32_BIT)";
				"CODE_SIGN_IDENTITY[sdk=iphoneos*]" = "iPhone Developer";
				GCC_C_LANGUAGE_STANDARD = gnu99;
				GCC_VERSION = com.apple.compilers.llvmgcc42;
				GCC_WARN_ABOUT_RETURN_TYPE = YES;
				GCC_WARN_UNUSED_VARIABLE = YES;
				IPHONEOS_DEPLOYMENT_TARGET = 4.3;
				OTHER_CFLAGS = "-DNS_BLOCK_ASSERTIONS=1";
				SDKROOT = iphoneos;
				TARGETED_DEVICE_FAMILY = "1,2";
			};
			name = Release;
		};
		DA7175BD140BCF8700B886FE /* Debug */ = {
			isa = XCBuildConfiguration;
			buildSettings = {
				ALWAYS_SEARCH_USER_PATHS = NO;
				COPY_PHASE_STRIP = NO;
				GCC_DYNAMIC_NO_PIC = NO;
				GCC_PRECOMPILE_PREFIX_HEADER = YES;
				GCC_PREFIX_HEADER = "OpenCV_Det_01/OpenCV_Det_01-Prefix.pch";
				HEADER_SEARCH_PATHS = "\"$(SRCROOT)/OpenCV_Det_01/OpenCV/include\"";
				INFOPLIST_FILE = "OpenCV_Det_01/OpenCV_Det_01-Info.plist";
				LIBRARY_SEARCH_PATHS = "\"$(SRCROOT)/OpenCV_Det_01/OpenCV/lib/debug-universal\"";
				PRODUCT_NAME = "$(TARGET_NAME)";
				WRAPPER_EXTENSION = app;
			};
			name = Debug;
		};
		DA7175BE140BCF8700B886FE /* Release */ = {
			isa = XCBuildConfiguration;
			buildSettings = {
				ALWAYS_SEARCH_USER_PATHS = NO;
				COPY_PHASE_STRIP = YES;
				GCC_PRECOMPILE_PREFIX_HEADER = YES;
				GCC_PREFIX_HEADER = "OpenCV_Det_01/OpenCV_Det_01-Prefix.pch";
				HEADER_SEARCH_PATHS = "\"$(SRCROOT)/OpenCV_Det_01/OpenCV/include\"";
				INFOPLIST_FILE = "OpenCV_Det_01/OpenCV_Det_01-Info.plist";
				LIBRARY_SEARCH_PATHS = "\"$(SRCROOT)/OpenCV_Det_01/OpenCV/lib/release-universal\"";
				PRODUCT_NAME = "$(TARGET_NAME)";
				VALIDATE_PRODUCT = YES;
				WRAPPER_EXTENSION = app;
			};
			name = Release;
		};
		DA7175C0140BCF8700B886FE /* Debug */ = {
			isa = XCBuildConfiguration;
			buildSettings = {
				ALWAYS_SEARCH_USER_PATHS = NO;
				BUNDLE_LOADER = "$(BUILT_PRODUCTS_DIR)/OpenCV_Det_01.app/OpenCV_Det_01";
				FRAMEWORK_SEARCH_PATHS = (
					"$(SDKROOT)/Developer/Library/Frameworks",
					"$(DEVELOPER_LIBRARY_DIR)/Frameworks",
				);
				GCC_PRECOMPILE_PREFIX_HEADER = YES;
				GCC_PREFIX_HEADER = "OpenCV_Det_01Tests/OpenCV_Det_01Tests-Prefix.pch";
				INFOPLIST_FILE = "OpenCV_Det_01Tests/OpenCV_Det_01Tests-Info.plist";
				OTHER_LDFLAGS = (
					"-framework",
					SenTestingKit,
				);
				PRODUCT_NAME = "$(TARGET_NAME)";
				TEST_HOST = "$(BUNDLE_LOADER)";
				WRAPPER_EXTENSION = octest;
			};
			name = Debug;
		};
		DA7175C1140BCF8700B886FE /* Release */ = {
			isa = XCBuildConfiguration;
			buildSettings = {
				ALWAYS_SEARCH_USER_PATHS = NO;
				BUNDLE_LOADER = "$(BUILT_PRODUCTS_DIR)/OpenCV_Det_01.app/OpenCV_Det_01";
				FRAMEWORK_SEARCH_PATHS = (
					"$(SDKROOT)/Developer/Library/Frameworks",
					"$(DEVELOPER_LIBRARY_DIR)/Frameworks",
				);
				GCC_PRECOMPILE_PREFIX_HEADER = YES;
				GCC_PREFIX_HEADER = "OpenCV_Det_01Tests/OpenCV_Det_01Tests-Prefix.pch";
				INFOPLIST_FILE = "OpenCV_Det_01Tests/OpenCV_Det_01Tests-Info.plist";
				OTHER_LDFLAGS = (
					"-framework",
					SenTestingKit,
				);
				PRODUCT_NAME = "$(TARGET_NAME)";
				TEST_HOST = "$(BUNDLE_LOADER)";
				WRAPPER_EXTENSION = octest;
			};
			name = Release;
		};
/* End XCBuildConfiguration section */

/* Begin XCConfigurationList section */
		DA71757A140BCF8700B886FE /* Build configuration list for PBXProject "OpenCV_Det_01" */ = {
			isa = XCConfigurationList;
			buildConfigurations = (
				DA7175BA140BCF8700B886FE /* Debug */,
				DA7175BB140BCF8700B886FE /* Release */,
			);
			defaultConfigurationIsVisible = 0;
			defaultConfigurationName = Release;
		};
		DA7175BC140BCF8700B886FE /* Build configuration list for PBXNativeTarget "OpenCV_Det_01" */ = {
			isa = XCConfigurationList;
			buildConfigurations = (
				DA7175BD140BCF8700B886FE /* Debug */,
				DA7175BE140BCF8700B886FE /* Release */,
			);
			defaultConfigurationIsVisible = 0;
			defaultConfigurationName = Release;
		};
		DA7175BF140BCF8700B886FE /* Build configuration list for PBXNativeTarget "OpenCV_Det_01Tests" */ = {
			isa = XCConfigurationList;
			buildConfigurations = (
				DA7175C0140BCF8700B886FE /* Debug */,
				DA7175C1140BCF8700B886FE /* Release */,
			);
			defaultConfigurationIsVisible = 0;
			defaultConfigurationName = Release;
		};
/* End XCConfigurationList section */
	};
	rootObject = DA717577140BCF8700B886FE /* Project object */;
}
