// !$*UTF8*$!
{
	archiveVersion = 1;
	classes = {
	};
	objectVersion = 46;
	objects = {

/* Begin PBXBuildFile section */
		DAC60710140C2B6B00660440 /* UIKit.framework in Frameworks */ = {isa = PBXBuildFile; fileRef = DAC6070F140C2B6B00660440 /* UIKit.framework */; };
		DAC60712140C2B6B00660440 /* Foundation.framework in Frameworks */ = {isa = PBXBuildFile; fileRef = DAC60711140C2B6B00660440 /* Foundation.framework */; };
		DAC60714140C2B6B00660440 /* CoreGraphics.framework in Frameworks */ = {isa = PBXBuildFile; fileRef = DAC60713140C2B6B00660440 /* CoreGraphics.framework */; };
		DAC6071A140C2B6B00660440 /* InfoPlist.strings in Resources */ = {isa = PBXBuildFile; fileRef = DAC60718140C2B6B00660440 /* InfoPlist.strings */; };
		DAC6071D140C2B6B00660440 /* main.m in Sources */ = {isa = PBXBuildFile; fileRef = DAC6071C140C2B6B00660440 /* main.m */; };
		DAC60720140C2B6B00660440 /* OpenCV_Detect_01AppDelegate.m in Sources */ = {isa = PBXBuildFile; fileRef = DAC6071F140C2B6B00660440 /* OpenCV_Detect_01AppDelegate.m */; };
		DAC60724140C2B6C00660440 /* OpenCV_Detect_01AppDelegate_iPhone.m in Sources */ = {isa = PBXBuildFile; fileRef = DAC60723140C2B6C00660440 /* OpenCV_Detect_01AppDelegate_iPhone.m */; };
		DAC60727140C2B6C00660440 /* MainWindow_iPhone.xib in Resources */ = {isa = PBXBuildFile; fileRef = DAC60725140C2B6C00660440 /* MainWindow_iPhone.xib */; };
		DAC6072B140C2B6C00660440 /* OpenCV_Detect_01AppDelegate_iPad.m in Sources */ = {isa = PBXBuildFile; fileRef = DAC6072A140C2B6C00660440 /* OpenCV_Detect_01AppDelegate_iPad.m */; };
		DAC6072E140C2B6C00660440 /* MainWindow_iPad.xib in Resources */ = {isa = PBXBuildFile; fileRef = DAC6072C140C2B6C00660440 /* MainWindow_iPad.xib */; };
		DAC60735140C2B6C00660440 /* UIKit.framework in Frameworks */ = {isa = PBXBuildFile; fileRef = DAC6070F140C2B6B00660440 /* UIKit.framework */; };
		DAC60736140C2B6C00660440 /* Foundation.framework in Frameworks */ = {isa = PBXBuildFile; fileRef = DAC60711140C2B6B00660440 /* Foundation.framework */; };
		DAC60737140C2B6C00660440 /* CoreGraphics.framework in Frameworks */ = {isa = PBXBuildFile; fileRef = DAC60713140C2B6B00660440 /* CoreGraphics.framework */; };
		DAC6073F140C2B6C00660440 /* InfoPlist.strings in Resources */ = {isa = PBXBuildFile; fileRef = DAC6073D140C2B6C00660440 /* InfoPlist.strings */; };
		DAC60742140C2B6C00660440 /* OpenCV_Detect_01Tests.h in Resources */ = {isa = PBXBuildFile; fileRef = DAC60741140C2B6C00660440 /* OpenCV_Detect_01Tests.h */; };
		DAC60744140C2B6C00660440 /* OpenCV_Detect_01Tests.m in Sources */ = {isa = PBXBuildFile; fileRef = DAC60743140C2B6C00660440 /* OpenCV_Detect_01Tests.m */; };
/* End PBXBuildFile section */

/* Begin PBXContainerItemProxy section */
		DAC60738140C2B6C00660440 /* PBXContainerItemProxy */ = {
			isa = PBXContainerItemProxy;
			containerPortal = DAC60702140C2B6B00660440 /* Project object */;
			proxyType = 1;
			remoteGlobalIDString = DAC6070A140C2B6B00660440;
			remoteInfo = OpenCV_Detect_01;
		};
/* End PBXContainerItemProxy section */

/* Begin PBXFileReference section */
		DAC6070B140C2B6B00660440 /* OpenCV_Detect_01.app */ = {isa = PBXFileReference; explicitFileType = wrapper.application; includeInIndex = 0; path = OpenCV_Detect_01.app; sourceTree = BUILT_PRODUCTS_DIR; };
		DAC6070F140C2B6B00660440 /* UIKit.framework */ = {isa = PBXFileReference; lastKnownFileType = wrapper.framework; name = UIKit.framework; path = System/Library/Frameworks/UIKit.framework; sourceTree = SDKROOT; };
		DAC60711140C2B6B00660440 /* Foundation.framework */ = {isa = PBXFileReference; lastKnownFileType = wrapper.framework; name = Foundation.framework; path = System/Library/Frameworks/Foundation.framework; sourceTree = SDKROOT; };
		DAC60713140C2B6B00660440 /* CoreGraphics.framework */ = {isa = PBXFileReference; lastKnownFileType = wrapper.framework; name = CoreGraphics.framework; path = System/Library/Frameworks/CoreGraphics.framework; sourceTree = SDKROOT; };
		DAC60717140C2B6B00660440 /* OpenCV_Detect_01-Info.plist */ = {isa = PBXFileReference; path = "OpenCV_Detect_01-Info.plist"; sourceTree = "<group>"; };
		DAC60719140C2B6B00660440 /* en */ = {isa = PBXFileReference; lastKnownFileType = text.plist.strings; name = en; path = en.lproj/InfoPlist.strings; sourceTree = "<group>"; };
		DAC6071B140C2B6B00660440 /* OpenCV_Detect_01-Prefix.pch */ = {isa = PBXFileReference; path = "OpenCV_Detect_01-Prefix.pch"; sourceTree = "<group>"; };
		DAC6071C140C2B6B00660440 /* main.m */ = {isa = PBXFileReference; lastKnownFileType = sourcecode.c.objc; path = main.m; sourceTree = "<group>"; };
		DAC6071E140C2B6B00660440 /* OpenCV_Detect_01AppDelegate.h */ = {isa = PBXFileReference; path = OpenCV_Detect_01AppDelegate.h; sourceTree = "<group>"; };
		DAC6071F140C2B6B00660440 /* OpenCV_Detect_01AppDelegate.m */ = {isa = PBXFileReference; lastKnownFileType = sourcecode.c.objc; path = OpenCV_Detect_01AppDelegate.m; sourceTree = "<group>"; };
		DAC60722140C2B6C00660440 /* OpenCV_Detect_01AppDelegate_iPhone.h */ = {isa = PBXFileReference; name = OpenCV_Detect_01AppDelegate_iPhone.h; path = iPhone/OpenCV_Detect_01AppDelegate_iPhone.h; sourceTree = "<group>"; };
		DAC60723140C2B6C00660440 /* OpenCV_Detect_01AppDelegate_iPhone.m */ = {isa = PBXFileReference; lastKnownFileType = sourcecode.c.objc; name = OpenCV_Detect_01AppDelegate_iPhone.m; path = iPhone/OpenCV_Detect_01AppDelegate_iPhone.m; sourceTree = "<group>"; };
		DAC60726140C2B6C00660440 /* en */ = {isa = PBXFileReference; lastKnownFileType = file.xib; name = en; path = iPhone/en.lproj/MainWindow_iPhone.xib; sourceTree = "<group>"; };
		DAC60729140C2B6C00660440 /* OpenCV_Detect_01AppDelegate_iPad.h */ = {isa = PBXFileReference; name = OpenCV_Detect_01AppDelegate_iPad.h; path = iPad/OpenCV_Detect_01AppDelegate_iPad.h; sourceTree = "<group>"; };
		DAC6072A140C2B6C00660440 /* OpenCV_Detect_01AppDelegate_iPad.m */ = {isa = PBXFileReference; lastKnownFileType = sourcecode.c.objc; name = OpenCV_Detect_01AppDelegate_iPad.m; path = iPad/OpenCV_Detect_01AppDelegate_iPad.m; sourceTree = "<group>"; };
		DAC6072D140C2B6C00660440 /* en */ = {isa = PBXFileReference; lastKnownFileType = file.xib; name = en; path = iPad/en.lproj/MainWindow_iPad.xib; sourceTree = "<group>"; };
		DAC60734140C2B6C00660440 /* OpenCV_Detect_01Tests.octest */ = {isa = PBXFileReference; explicitFileType = wrapper.cfbundle; includeInIndex = 0; path = OpenCV_Detect_01Tests.octest; sourceTree = BUILT_PRODUCTS_DIR; };
		DAC6073C140C2B6C00660440 /* OpenCV_Detect_01Tests-Info.plist */ = {isa = PBXFileReference; path = "OpenCV_Detect_01Tests-Info.plist"; sourceTree = "<group>"; };
		DAC6073E140C2B6C00660440 /* en */ = {isa = PBXFileReference; lastKnownFileType = text.plist.strings; name = en; path = en.lproj/InfoPlist.strings; sourceTree = "<group>"; };
		DAC60740140C2B6C00660440 /* OpenCV_Detect_01Tests-Prefix.pch */ = {isa = PBXFileReference; path = "OpenCV_Detect_01Tests-Prefix.pch"; sourceTree = "<group>"; };
		DAC60741140C2B6C00660440 /* OpenCV_Detect_01Tests.h */ = {isa = PBXFileReference; lastKnownFileType = sourcecode.c.h; path = OpenCV_Detect_01Tests.h; sourceTree = "<group>"; };
		DAC60743140C2B6C00660440 /* OpenCV_Detect_01Tests.m */ = {isa = PBXFileReference; lastKnownFileType = sourcecode.c.objc; path = OpenCV_Detect_01Tests.m; sourceTree = "<group>"; };
/* End PBXFileReference section */

/* Begin PBXFrameworksBuildPhase section */
		DAC60708140C2B6B00660440 /* Frameworks */ = {
			isa = PBXFrameworksBuildPhase;
			buildActionMask = 2147483647;
			files = (
				DAC60710140C2B6B00660440 /* UIKit.framework in Frameworks */,
				DAC60712140C2B6B00660440 /* Foundation.framework in Frameworks */,
				DAC60714140C2B6B00660440 /* CoreGraphics.framework in Frameworks */,
			);
			runOnlyForDeploymentPostprocessing = 0;
		};
		DAC60730140C2B6C00660440 /* Frameworks */ = {
			isa = PBXFrameworksBuildPhase;
			buildActionMask = 2147483647;
			files = (
				DAC60735140C2B6C00660440 /* UIKit.framework in Frameworks */,
				DAC60736140C2B6C00660440 /* Foundation.framework in Frameworks */,
				DAC60737140C2B6C00660440 /* CoreGraphics.framework in Frameworks */,
			);
			runOnlyForDeploymentPostprocessing = 0;
		};
/* End PBXFrameworksBuildPhase section */

/* Begin PBXGroup section */
		DAC60700140C2B6B00660440 = {
			isa = PBXGroup;
			children = (
				DAC60715140C2B6B00660440 /* OpenCV_Detect_01 */,
				DAC6073A140C2B6C00660440 /* OpenCV_Detect_01Tests */,
				DAC6070E140C2B6B00660440 /* Frameworks */,
				DAC6070C140C2B6B00660440 /* Products */,
			);
			sourceTree = "<group>";
		};
		DAC6070C140C2B6B00660440 /* Products */ = {
			isa = PBXGroup;
			children = (
				DAC6070B140C2B6B00660440 /* OpenCV_Detect_01.app */,
				DAC60734140C2B6C00660440 /* OpenCV_Detect_01Tests.octest */,
			);
			name = Products;
			sourceTree = "<group>";
		};
		DAC6070E140C2B6B00660440 /* Frameworks */ = {
			isa = PBXGroup;
			children = (
				DAC6070F140C2B6B00660440 /* UIKit.framework */,
				DAC60711140C2B6B00660440 /* Foundation.framework */,
				DAC60713140C2B6B00660440 /* CoreGraphics.framework */,
			);
			name = Frameworks;
			sourceTree = "<group>";
		};
		DAC60715140C2B6B00660440 /* OpenCV_Detect_01 */ = {
			isa = PBXGroup;
			children = (
				DAC6071E140C2B6B00660440 /* OpenCV_Detect_01AppDelegate.h */,
				DAC6071F140C2B6B00660440 /* OpenCV_Detect_01AppDelegate.m */,
				DAC60721140C2B6C00660440 /* iPhone */,
				DAC60728140C2B6C00660440 /* iPad */,
				DAC60716140C2B6B00660440 /* Supporting Files */,
			);
			path = OpenCV_Detect_01;
			sourceTree = "<group>";
		};
		DAC60716140C2B6B00660440 /* Supporting Files */ = {
			isa = PBXGroup;
			children = (
				DAC60717140C2B6B00660440 /* OpenCV_Detect_01-Info.plist */,
				DAC60718140C2B6B00660440 /* InfoPlist.strings */,
				DAC6071B140C2B6B00660440 /* OpenCV_Detect_01-Prefix.pch */,
				DAC6071C140C2B6B00660440 /* main.m */,
			);
			name = "Supporting Files";
			sourceTree = "<group>";
		};
		DAC60721140C2B6C00660440 /* iPhone */ = {
			isa = PBXGroup;
			children = (
				DAC60722140C2B6C00660440 /* OpenCV_Detect_01AppDelegate_iPhone.h */,
				DAC60723140C2B6C00660440 /* OpenCV_Detect_01AppDelegate_iPhone.m */,
				DAC60725140C2B6C00660440 /* MainWindow_iPhone.xib */,
			);
			name = iPhone;
			sourceTree = "<group>";
		};
		DAC60728140C2B6C00660440 /* iPad */ = {
			isa = PBXGroup;
			children = (
				DAC60729140C2B6C00660440 /* OpenCV_Detect_01AppDelegate_iPad.h */,
				DAC6072A140C2B6C00660440 /* OpenCV_Detect_01AppDelegate_iPad.m */,
				DAC6072C140C2B6C00660440 /* MainWindow_iPad.xib */,
			);
			name = iPad;
			sourceTree = "<group>";
		};
		DAC6073A140C2B6C00660440 /* OpenCV_Detect_01Tests */ = {
			isa = PBXGroup;
			children = (
				DAC60741140C2B6C00660440 /* OpenCV_Detect_01Tests.h */,
				DAC60743140C2B6C00660440 /* OpenCV_Detect_01Tests.m */,
				DAC6073B140C2B6C00660440 /* Supporting Files */,
			);
			path = OpenCV_Detect_01Tests;
			sourceTree = "<group>";
		};
		DAC6073B140C2B6C00660440 /* Supporting Files */ = {
			isa = PBXGroup;
			children = (
				DAC6073C140C2B6C00660440 /* OpenCV_Detect_01Tests-Info.plist */,
				DAC6073D140C2B6C00660440 /* InfoPlist.strings */,
				DAC60740140C2B6C00660440 /* OpenCV_Detect_01Tests-Prefix.pch */,
			);
			name = "Supporting Files";
			sourceTree = "<group>";
		};
/* End PBXGroup section */

/* Begin PBXNativeTarget section */
		DAC6070A140C2B6B00660440 /* OpenCV_Detect_01 */ = {
			isa = PBXNativeTarget;
			buildConfigurationList = DAC60747140C2B6C00660440 /* Build configuration list for PBXNativeTarget "OpenCV_Detect_01" */;
			buildPhases = (
				DAC60707140C2B6B00660440 /* Sources */,
				DAC60708140C2B6B00660440 /* Frameworks */,
				DAC60709140C2B6B00660440 /* Resources */,
			);
			buildRules = (
			);
			dependencies = (
			);
			name = OpenCV_Detect_01;
			productName = OpenCV_Detect_01;
			productReference = DAC6070B140C2B6B00660440 /* OpenCV_Detect_01.app */;
			productType = "com.apple.product-type.application";
		};
		DAC60733140C2B6C00660440 /* OpenCV_Detect_01Tests */ = {
			isa = PBXNativeTarget;
			buildConfigurationList = DAC6074A140C2B6C00660440 /* Build configuration list for PBXNativeTarget "OpenCV_Detect_01Tests" */;
			buildPhases = (
				DAC6072F140C2B6C00660440 /* Sources */,
				DAC60730140C2B6C00660440 /* Frameworks */,
				DAC60731140C2B6C00660440 /* Resources */,
				DAC60732140C2B6C00660440 /* ShellScript */,
			);
			buildRules = (
			);
			dependencies = (
				DAC60739140C2B6C00660440 /* PBXTargetDependency */,
			);
			name = OpenCV_Detect_01Tests;
			productName = OpenCV_Detect_01Tests;
			productReference = DAC60734140C2B6C00660440 /* OpenCV_Detect_01Tests.octest */;
			productType = "com.apple.product-type.bundle";
		};
/* End PBXNativeTarget section */

/* Begin PBXProject section */
		DAC60702140C2B6B00660440 /* Project object */ = {
			isa = PBXProject;
			buildConfigurationList = DAC60705140C2B6B00660440 /* Build configuration list for PBXProject "OpenCV_Detect_01" */;
			compatibilityVersion = "Xcode 3.2";
			developmentRegion = English;
			hasScannedForEncodings = 0;
			knownRegions = (
				en,
			);
			mainGroup = DAC60700140C2B6B00660440;
			productRefGroup = DAC6070C140C2B6B00660440 /* Products */;
			projectDirPath = "";
			projectRoot = "";
			targets = (
				DAC6070A140C2B6B00660440 /* OpenCV_Detect_01 */,
				DAC60733140C2B6C00660440 /* OpenCV_Detect_01Tests */,
			);
		};
/* End PBXProject section */

/* Begin PBXResourcesBuildPhase section */
		DAC60709140C2B6B00660440 /* Resources */ = {
			isa = PBXResourcesBuildPhase;
			buildActionMask = 2147483647;
			files = (
				DAC6071A140C2B6B00660440 /* InfoPlist.strings in Resources */,
				DAC60727140C2B6C00660440 /* MainWindow_iPhone.xib in Resources */,
				DAC6072E140C2B6C00660440 /* MainWindow_iPad.xib in Resources */,
			);
			runOnlyForDeploymentPostprocessing = 0;
		};
		DAC60731140C2B6C00660440 /* Resources */ = {
			isa = PBXResourcesBuildPhase;
			buildActionMask = 2147483647;
			files = (
				DAC6073F140C2B6C00660440 /* InfoPlist.strings in Resources */,
				DAC60742140C2B6C00660440 /* OpenCV_Detect_01Tests.h in Resources */,
			);
			runOnlyForDeploymentPostprocessing = 0;
		};
/* End PBXResourcesBuildPhase section */

/* Begin PBXShellScriptBuildPhase section */
		DAC60732140C2B6C00660440 /* ShellScript */ = {
			isa = PBXShellScriptBuildPhase;
			buildActionMask = 2147483647;
			files = (
			);
			inputPaths = (
			);
			outputPaths = (
			);
			runOnlyForDeploymentPostprocessing = 0;
			shellPath = /bin/sh;
			shellScript = "# Run the unit tests in this test bundle.\n\"${SYSTEM_DEVELOPER_DIR}/Tools/RunUnitTests\"\n";
		};
/* End PBXShellScriptBuildPhase section */

/* Begin PBXSourcesBuildPhase section */
		DAC60707140C2B6B00660440 /* Sources */ = {
			isa = PBXSourcesBuildPhase;
			buildActionMask = 2147483647;
			files = (
				DAC6071D140C2B6B00660440 /* main.m in Sources */,
				DAC60720140C2B6B00660440 /* OpenCV_Detect_01AppDelegate.m in Sources */,
				DAC60724140C2B6C00660440 /* OpenCV_Detect_01AppDelegate_iPhone.m in Sources */,
				DAC6072B140C2B6C00660440 /* OpenCV_Detect_01AppDelegate_iPad.m in Sources */,
			);
			runOnlyForDeploymentPostprocessing = 0;
		};
		DAC6072F140C2B6C00660440 /* Sources */ = {
			isa = PBXSourcesBuildPhase;
			buildActionMask = 2147483647;
			files = (
				DAC60744140C2B6C00660440 /* OpenCV_Detect_01Tests.m in Sources */,
			);
			runOnlyForDeploymentPostprocessing = 0;
		};
/* End PBXSourcesBuildPhase section */

/* Begin PBXTargetDependency section */
		DAC60739140C2B6C00660440 /* PBXTargetDependency */ = {
			isa = PBXTargetDependency;
			target = DAC6070A140C2B6B00660440 /* OpenCV_Detect_01 */;
			targetProxy = DAC60738140C2B6C00660440 /* PBXContainerItemProxy */;
		};
/* End PBXTargetDependency section */

/* Begin PBXVariantGroup section */
		DAC60718140C2B6B00660440 /* InfoPlist.strings */ = {
			isa = PBXVariantGroup;
			children = (
				DAC60719140C2B6B00660440 /* en */,
			);
			name = InfoPlist.strings;
			sourceTree = "<group>";
		};
		DAC60725140C2B6C00660440 /* MainWindow_iPhone.xib */ = {
			isa = PBXVariantGroup;
			children = (
				DAC60726140C2B6C00660440 /* en */,
			);
			name = MainWindow_iPhone.xib;
			sourceTree = "<group>";
		};
		DAC6072C140C2B6C00660440 /* MainWindow_iPad.xib */ = {
			isa = PBXVariantGroup;
			children = (
				DAC6072D140C2B6C00660440 /* en */,
			);
			name = MainWindow_iPad.xib;
			sourceTree = "<group>";
		};
		DAC6073D140C2B6C00660440 /* InfoPlist.strings */ = {
			isa = PBXVariantGroup;
			children = (
				DAC6073E140C2B6C00660440 /* en */,
			);
			name = InfoPlist.strings;
			sourceTree = "<group>";
		};
/* End PBXVariantGroup section */

/* Begin XCBuildConfiguration section */
		DAC60745140C2B6C00660440 /* Debug */ = {
			isa = XCBuildConfiguration;
			buildSettings = {
				ARCHS = "$(ARCHS_STANDARD_32_BIT)";
				"CODE_SIGN_IDENTITY[sdk=iphoneos*]" = "iPhone Developer";
				GCC_C_LANGUAGE_STANDARD = gnu99;
				GCC_OPTIMIZATION_LEVEL = 0;
				GCC_PREPROCESSOR_DEFINITIONS = DEBUG;
				GCC_SYMBOLS_PRIVATE_EXTERN = NO;
				GCC_VERSION = com.apple.compilers.llvmgcc42;
				GCC_WARN_ABOUT_RETURN_TYPE = YES;
				GCC_WARN_UNUSED_VARIABLE = YES;
				IPHONEOS_DEPLOYMENT_TARGET = 4.3;
				SDKROOT = iphoneos;
				TARGETED_DEVICE_FAMILY = "1,2";
			};
			name = Debug;
		};
		DAC60746140C2B6C00660440 /* Release */ = {
			isa = XCBuildConfiguration;
			buildSettings = {
				ARCHS = "$(ARCHS_STANDARD_32_BIT)";
				"CODE_SIGN_IDENTITY[sdk=iphoneos*]" = "iPhone Developer";
				GCC_C_LANGUAGE_STANDARD = gnu99;
				GCC_VERSION = com.apple.compilers.llvmgcc42;
				GCC_WARN_ABOUT_RETURN_TYPE = YES;
				GCC_WARN_UNUSED_VARIABLE = YES;
				IPHONEOS_DEPLOYMENT_TARGET = 4.3;
				OTHER_CFLAGS = "-DNS_BLOCK_ASSERTIONS=1";
				SDKROOT = iphoneos;
				TARGETED_DEVICE_FAMILY = "1,2";
			};
			name = Release;
		};
		DAC60748140C2B6C00660440 /* Debug */ = {
			isa = XCBuildConfiguration;
			buildSettings = {
				ALWAYS_SEARCH_USER_PATHS = NO;
				COPY_PHASE_STRIP = NO;
				GCC_DYNAMIC_NO_PIC = NO;
				GCC_PRECOMPILE_PREFIX_HEADER = YES;
				GCC_PREFIX_HEADER = "OpenCV_Detect_01/OpenCV_Detect_01-Prefix.pch";
				INFOPLIST_FILE = "OpenCV_Detect_01/OpenCV_Detect_01-Info.plist";
				PRODUCT_NAME = "$(TARGET_NAME)";
				WRAPPER_EXTENSION = app;
			};
			name = Debug;
		};
		DAC60749140C2B6C00660440 /* Release */ = {
			isa = XCBuildConfiguration;
			buildSettings = {
				ALWAYS_SEARCH_USER_PATHS = NO;
				COPY_PHASE_STRIP = YES;
				GCC_PRECOMPILE_PREFIX_HEADER = YES;
				GCC_PREFIX_HEADER = "OpenCV_Detect_01/OpenCV_Detect_01-Prefix.pch";
				INFOPLIST_FILE = "OpenCV_Detect_01/OpenCV_Detect_01-Info.plist";
				PRODUCT_NAME = "$(TARGET_NAME)";
				VALIDATE_PRODUCT = YES;
				WRAPPER_EXTENSION = app;
			};
			name = Release;
		};
		DAC6074B140C2B6C00660440 /* Debug */ = {
			isa = XCBuildConfiguration;
			buildSettings = {
				ALWAYS_SEARCH_USER_PATHS = NO;
				BUNDLE_LOADER = "$(BUILT_PRODUCTS_DIR)/OpenCV_Detect_01.app/OpenCV_Detect_01";
				FRAMEWORK_SEARCH_PATHS = (
					"$(SDKROOT)/Developer/Library/Frameworks",
					"$(DEVELOPER_LIBRARY_DIR)/Frameworks",
				);
				GCC_PRECOMPILE_PREFIX_HEADER = YES;
				GCC_PREFIX_HEADER = "OpenCV_Detect_01Tests/OpenCV_Detect_01Tests-Prefix.pch";
				INFOPLIST_FILE = "OpenCV_Detect_01Tests/OpenCV_Detect_01Tests-Info.plist";
				OTHER_LDFLAGS = (
					"-framework",
					SenTestingKit,
				);
				PRODUCT_NAME = "$(TARGET_NAME)";
				TEST_HOST = "$(BUNDLE_LOADER)";
				WRAPPER_EXTENSION = octest;
			};
			name = Debug;
		};
		DAC6074C140C2B6C00660440 /* Release */ = {
			isa = XCBuildConfiguration;
			buildSettings = {
				ALWAYS_SEARCH_USER_PATHS = NO;
				BUNDLE_LOADER = "$(BUILT_PRODUCTS_DIR)/OpenCV_Detect_01.app/OpenCV_Detect_01";
				FRAMEWORK_SEARCH_PATHS = (
					"$(SDKROOT)/Developer/Library/Frameworks",
					"$(DEVELOPER_LIBRARY_DIR)/Frameworks",
				);
				GCC_PRECOMPILE_PREFIX_HEADER = YES;
				GCC_PREFIX_HEADER = "OpenCV_Detect_01Tests/OpenCV_Detect_01Tests-Prefix.pch";
				INFOPLIST_FILE = "OpenCV_Detect_01Tests/OpenCV_Detect_01Tests-Info.plist";
				OTHER_LDFLAGS = (
					"-framework",
					SenTestingKit,
				);
				PRODUCT_NAME = "$(TARGET_NAME)";
				TEST_HOST = "$(BUNDLE_LOADER)";
				WRAPPER_EXTENSION = octest;
			};
			name = Release;
		};
/* End XCBuildConfiguration section */

/* Begin XCConfigurationList section */
		DAC60705140C2B6B00660440 /* Build configuration list for PBXProject "OpenCV_Detect_01" */ = {
			isa = XCConfigurationList;
			buildConfigurations = (
				DAC60745140C2B6C00660440 /* Debug */,
				DAC60746140C2B6C00660440 /* Release */,
			);
			defaultConfigurationIsVisible = 0;
			defaultConfigurationName = Release;
		};
		DAC60747140C2B6C00660440 /* Build configuration list for PBXNativeTarget "OpenCV_Detect_01" */ = {
			isa = XCConfigurationList;
			buildConfigurations = (
				DAC60748140C2B6C00660440 /* Debug */,
				DAC60749140C2B6C00660440 /* Release */,
			);
			defaultConfigurationIsVisible = 0;
		};
		DAC6074A140C2B6C00660440 /* Build configuration list for PBXNativeTarget "OpenCV_Detect_01Tests" */ = {
			isa = XCConfigurationList;
			buildConfigurations = (
				DAC6074B140C2B6C00660440 /* Debug */,
				DAC6074C140C2B6C00660440 /* Release */,
			);
			defaultConfigurationIsVisible = 0;
		};
/* End XCConfigurationList section */
	};
	rootObject = DAC60702140C2B6B00660440 /* Project object */;
}
